
Microsoft Visual Studio Solution File, Format Version 12.00
# Visual Studio Version 17
VisualStudioVersion = 17.5.33530.505
MinimumVisualStudioVersion = 10.0.40219.1
Project("{FAE04EC0-301F-11D3-BF4B-00C04F79EFBC}") = "2004_годинник", "2004_годинник\2004_годинник.csproj", "{77D2C335-4CD3-4DB9-9D06-48790ACB4296}"
EndProject
Global
	GlobalSection(SolutionConfigurationPlatforms) = preSolution
		Debug|Any CPU = Debug|Any CPU
		Release|Any CPU = Release|Any CPU
	EndGlobalSection
	GlobalSection(ProjectConfigurationPlatforms) = postSolution
		{77D2C335-4CD3-4DB9-9D06-48790ACB4296}.Debug|Any CPU.ActiveCfg = Debug|Any CPU
		{77D2C335-4CD3-4DB9-9D06-48790ACB4296}.Debug|Any CPU.Build.0 = Debug|Any CPU
		{77D2C335-4CD3-4DB9-9D06-48790ACB4296}.Release|Any CPU.ActiveCfg = Release|Any CPU
		{77D2C335-4CD3-4DB9-9D06-48790ACB4296}.Release|Any CPU.Build.0 = Release|Any CPU
	EndGlobalSection
	GlobalSection(SolutionProperties) = preSolution
		HideSolutionNode = FALSE
	EndGlobalSection
	GlobalSection(ExtensibilityGlobals) = postSolution
		SolutionGuid = {3D128FE1-E207-465F-B1B5-C841E68CF18A}
	EndGlobalSection
EndGlobal
